// !$*UTF8*$!
{
	archiveVersion = 1;
	classes = {
	};
	objectVersion = 55;
	objects = {

/* Begin PBXBuildFile section */
		7603E9982746725B00172673 /* AppDelegate.swift in Sources */ = {isa = PBXBuildFile; fileRef = 7603E9972746725B00172673 /* AppDelegate.swift */; };
		7603E99A2746725B00172673 /* SceneDelegate.swift in Sources */ = {isa = PBXBuildFile; fileRef = 7603E9992746725B00172673 /* SceneDelegate.swift */; };
		7603E99C2746725B00172673 /* ViewController.swift in Sources */ = {isa = PBXBuildFile; fileRef = 7603E99B2746725B00172673 /* ViewController.swift */; };
		7603E99F2746725B00172673 /* Main.storyboard in Resources */ = {isa = PBXBuildFile; fileRef = 7603E99D2746725B00172673 /* Main.storyboard */; };
		7603E9A12746725C00172673 /* Assets.xcassets in Resources */ = {isa = PBXBuildFile; fileRef = 7603E9A02746725C00172673 /* Assets.xcassets */; };
		7603E9A42746725C00172673 /* LaunchScreen.storyboard in Resources */ = {isa = PBXBuildFile; fileRef = 7603E9A22746725C00172673 /* LaunchScreen.storyboard */; };
		7603E9AF2746725D00172673 /* NumberguessTests.swift in Sources */ = {isa = PBXBuildFile; fileRef = 7603E9AE2746725D00172673 /* NumberguessTests.swift */; };
		7603E9B92746725D00172673 /* NumberguessUITests.swift in Sources */ = {isa = PBXBuildFile; fileRef = 7603E9B82746725D00172673 /* NumberguessUITests.swift */; };
		7603E9BB2746725D00172673 /* NumberguessUITestsLaunchTests.swift in Sources */ = {isa = PBXBuildFile; fileRef = 7603E9BA2746725D00172673 /* NumberguessUITestsLaunchTests.swift */; };
/* End PBXBuildFile section */

/* Begin PBXContainerItemProxy section */
		7603E9AB2746725D00172673 /* PBXContainerItemProxy */ = {
			isa = PBXContainerItemProxy;
			containerPortal = 7603E98C2746725B00172673 /* Project object */;
			proxyType = 1;
			remoteGlobalIDString = 7603E9932746725B00172673;
			remoteInfo = Numberguess;
		};
		7603E9B52746725D00172673 /* PBXContainerItemProxy */ = {
			isa = PBXContainerItemProxy;
			containerPortal = 7603E98C2746725B00172673 /* Project object */;
			proxyType = 1;
			remoteGlobalIDString = 7603E9932746725B00172673;
			remoteInfo = Numberguess;
		};
/* End PBXContainerItemProxy section */

/* Begin PBXFileReference section */
		7603E9942746725B00172673 /* Numberguess.app */ = {isa = PBXFileReference; explicitFileType = wrapper.application; includeInIndex = 0; path = Numberguess.app; sourceTree = BUILT_PRODUCTS_DIR; };
		7603E9972746725B00172673 /* AppDelegate.swift */ = {isa = PBXFileReference; lastKnownFileType = sourcecode.swift; path = AppDelegate.swift; sourceTree = "<group>"; };
		7603E9992746725B00172673 /* SceneDelegate.swift */ = {isa = PBXFileReference; lastKnownFileType = sourcecode.swift; path = SceneDelegate.swift; sourceTree = "<group>"; };
		7603E99B2746725B00172673 /* ViewController.swift */ = {isa = PBXFileReference; lastKnownFileType = sourcecode.swift; path = ViewController.swift; sourceTree = "<group>"; };
		7603E99E2746725B00172673 /* Base */ = {isa = PBXFileReference; lastKnownFileType = file.storyboard; name = Base; path = Base.lproj/Main.storyboard; sourceTree = "<group>"; };
		7603E9A02746725C00172673 /* Assets.xcassets */ = {isa = PBXFileReference; lastKnownFileType = folder.assetcatalog; path = Assets.xcassets; sourceTree = "<group>"; };
		7603E9A32746725C00172673 /* Base */ = {isa = PBXFileReference; lastKnownFileType = file.storyboard; name = Base; path = Base.lproj/LaunchScreen.storyboard; sourceTree = "<group>"; };
		7603E9A52746725C00172673 /* Info.plist */ = {isa = PBXFileReference; lastKnownFileType = text.plist.xml; path = Info.plist; sourceTree = "<group>"; };
		7603E9AA2746725C00172673 /* NumberguessTests.xctest */ = {isa = PBXFileReference; explicitFileType = wrapper.cfbundle; includeInIndex = 0; path = NumberguessTests.xctest; sourceTree = BUILT_PRODUCTS_DIR; };
		7603E9AE2746725D00172673 /* NumberguessTests.swift */ = {isa = PBXFileReference; lastKnownFileType = sourcecode.swift; path = NumberguessTests.swift; sourceTree = "<group>"; };
		7603E9B42746725D00172673 /* NumberguessUITests.xctest */ = {isa = PBXFileReference; explicitFileType = wrapper.cfbundle; includeInIndex = 0; path = NumberguessUITests.xctest; sourceTree = BUILT_PRODUCTS_DIR; };
		7603E9B82746725D00172673 /* NumberguessUITests.swift */ = {isa = PBXFileReference; lastKnownFileType = sourcecode.swift; path = NumberguessUITests.swift; sourceTree = "<group>"; };
		7603E9BA2746725D00172673 /* NumberguessUITestsLaunchTests.swift */ = {isa = PBXFileReference; lastKnownFileType = sourcecode.swift; path = NumberguessUITestsLaunchTests.swift; sourceTree = "<group>"; };
/* End PBXFileReference section */

/* Begin PBXFrameworksBuildPhase section */
		7603E9912746725B00172673 /* Frameworks */ = {
			isa = PBXFrameworksBuildPhase;
			buildActionMask = 2147483647;
			files = (
			);
			runOnlyForDeploymentPostprocessing = 0;
		};
		7603E9A72746725C00172673 /* Frameworks */ = {
			isa = PBXFrameworksBuildPhase;
			buildActionMask = 2147483647;
			files = (
			);
			runOnlyForDeploymentPostprocessing = 0;
		};
		7603E9B12746725D00172673 /* Frameworks */ = {
			isa = PBXFrameworksBuildPhase;
			buildActionMask = 2147483647;
			files = (
			);
			runOnlyForDeploymentPostprocessing = 0;
		};
/* End PBXFrameworksBuildPhase section */

/* Begin PBXGroup section */
		7603E98B2746725B00172673 = {
			isa = PBXGroup;
			children = (
				7603E9962746725B00172673 /* Numberguess */,
				7603E9AD2746725D00172673 /* NumberguessTests */,
				7603E9B72746725D00172673 /* NumberguessUITests */,
				7603E9952746725B00172673 /* Products */,
			);
			sourceTree = "<group>";
		};
		7603E9952746725B00172673 /* Products */ = {
			isa = PBXGroup;
			children = (
				7603E9942746725B00172673 /* Numberguess.app */,
				7603E9AA2746725C00172673 /* NumberguessTests.xctest */,
				7603E9B42746725D00172673 /* NumberguessUITests.xctest */,
			);
			name = Products;
			sourceTree = "<group>";
		};
		7603E9962746725B00172673 /* Numberguess */ = {
			isa = PBXGroup;
			children = (
				7603E9972746725B00172673 /* AppDelegate.swift */,
				7603E9992746725B00172673 /* SceneDelegate.swift */,
				7603E99B2746725B00172673 /* ViewController.swift */,
				7603E99D2746725B00172673 /* Main.storyboard */,
				7603E9A02746725C00172673 /* Assets.xcassets */,
				7603E9A22746725C00172673 /* LaunchScreen.storyboard */,
				7603E9A52746725C00172673 /* Info.plist */,
			);
			path = Numberguess;
			sourceTree = "<group>";
		};
		7603E9AD2746725D00172673 /* NumberguessTests */ = {
			isa = PBXGroup;
			children = (
				7603E9AE2746725D00172673 /* NumberguessTests.swift */,
			);
			path = NumberguessTests;
			sourceTree = "<group>";
		};
		7603E9B72746725D00172673 /* NumberguessUITests */ = {
			isa = PBXGroup;
			children = (
				7603E9B82746725D00172673 /* NumberguessUITests.swift */,
				7603E9BA2746725D00172673 /* NumberguessUITestsLaunchTests.swift */,
			);
			path = NumberguessUITests;
			sourceTree = "<group>";
		};
/* End PBXGroup section */

/* Begin PBXNativeTarget section */
		7603E9932746725B00172673 /* Numberguess */ = {
			isa = PBXNativeTarget;
			buildConfigurationList = 7603E9BE2746725D00172673 /* Build configuration list for PBXNativeTarget "Numberguess" */;
			buildPhases = (
				7603E9902746725B00172673 /* Sources */,
				7603E9912746725B00172673 /* Frameworks */,
				7603E9922746725B00172673 /* Resources */,
			);
			buildRules = (
			);
			dependencies = (
			);
			name = Numberguess;
			productName = Numberguess;
			productReference = 7603E9942746725B00172673 /* Numberguess.app */;
			productType = "com.apple.product-type.application";
		};
		7603E9A92746725C00172673 /* NumberguessTests */ = {
			isa = PBXNativeTarget;
			buildConfigurationList = 7603E9C12746725D00172673 /* Build configuration list for PBXNativeTarget "NumberguessTests" */;
			buildPhases = (
				7603E9A62746725C00172673 /* Sources */,
				7603E9A72746725C00172673 /* Frameworks */,
				7603E9A82746725C00172673 /* Resources */,
			);
			buildRules = (
			);
			dependencies = (
				7603E9AC2746725D00172673 /* PBXTargetDependency */,
			);
			name = NumberguessTests;
			productName = NumberguessTests;
			productReference = 7603E9AA2746725C00172673 /* NumberguessTests.xctest */;
			productType = "com.apple.product-type.bundle.unit-test";
		};
		7603E9B32746725D00172673 /* NumberguessUITests */ = {
			isa = PBXNativeTarget;
			buildConfigurationList = 7603E9C42746725D00172673 /* Build configuration list for PBXNativeTarget "NumberguessUITests" */;
			buildPhases = (
				7603E9B02746725D00172673 /* Sources */,
				7603E9B12746725D00172673 /* Frameworks */,
				7603E9B22746725D00172673 /* Resources */,
			);
			buildRules = (
			);
			dependencies = (
				7603E9B62746725D00172673 /* PBXTargetDependency */,
			);
			name = NumberguessUITests;
			productName = NumberguessUITests;
			productReference = 7603E9B42746725D00172673 /* NumberguessUITests.xctest */;
			productType = "com.apple.product-type.bundle.ui-testing";
		};
/* End PBXNativeTarget section */

/* Begin PBXProject section */
		7603E98C2746725B00172673 /* Project object */ = {
			isa = PBXProject;
			attributes = {
				BuildIndependentTargetsInParallel = 1;
				LastSwiftUpdateCheck = 1310;
				LastUpgradeCheck = 1310;
				TargetAttributes = {
					7603E9932746725B00172673 = {
						CreatedOnToolsVersion = 13.1;
					};
					7603E9A92746725C00172673 = {
						CreatedOnToolsVersion = 13.1;
						TestTargetID = 7603E9932746725B00172673;
					};
					7603E9B32746725D00172673 = {
						CreatedOnToolsVersion = 13.1;
						TestTargetID = 7603E9932746725B00172673;
					};
				};
			};
			buildConfigurationList = 7603E98F2746725B00172673 /* Build configuration list for PBXProject "Numberguess" */;
			compatibilityVersion = "Xcode 13.0";
			developmentRegion = en;
			hasScannedForEncodings = 0;
			knownRegions = (
				en,
				Base,
			);
			mainGroup = 7603E98B2746725B00172673;
			productRefGroup = 7603E9952746725B00172673 /* Products */;
			projectDirPath = "";
			projectRoot = "";
			targets = (
				7603E9932746725B00172673 /* Numberguess */,
				7603E9A92746725C00172673 /* NumberguessTests */,
				7603E9B32746725D00172673 /* NumberguessUITests */,
			);
		};
/* End PBXProject section */

/* Begin PBXResourcesBuildPhase section */
		7603E9922746725B00172673 /* Resources */ = {
			isa = PBXResourcesBuildPhase;
			buildActionMask = 2147483647;
			files = (
				7603E9A42746725C00172673 /* LaunchScreen.storyboard in Resources */,
				7603E9A12746725C00172673 /* Assets.xcassets in Resources */,
				7603E99F2746725B00172673 /* Main.storyboard in Resources */,
			);
			runOnlyForDeploymentPostprocessing = 0;
		};
		7603E9A82746725C00172673 /* Resources */ = {
			isa = PBXResourcesBuildPhase;
			buildActionMask = 2147483647;
			files = (
			);
			runOnlyForDeploymentPostprocessing = 0;
		};
		7603E9B22746725D00172673 /* Resources */ = {
			isa = PBXResourcesBuildPhase;
			buildActionMask = 2147483647;
			files = (
			);
			runOnlyForDeploymentPostprocessing = 0;
		};
/* End PBXResourcesBuildPhase section */

/* Begin PBXSourcesBuildPhase section */
		7603E9902746725B00172673 /* Sources */ = {
			isa = PBXSourcesBuildPhase;
			buildActionMask = 2147483647;
			files = (
				7603E99C2746725B00172673 /* ViewController.swift in Sources */,
				7603E9982746725B00172673 /* AppDelegate.swift in Sources */,
				7603E99A2746725B00172673 /* SceneDelegate.swift in Sources */,
			);
			runOnlyForDeploymentPostprocessing = 0;
		};
		7603E9A62746725C00172673 /* Sources */ = {
			isa = PBXSourcesBuildPhase;
			buildActionMask = 2147483647;
			files = (
				7603E9AF2746725D00172673 /* NumberguessTests.swift in Sources */,
			);
			runOnlyForDeploymentPostprocessing = 0;
		};
		7603E9B02746725D00172673 /* Sources */ = {
			isa = PBXSourcesBuildPhase;
			buildActionMask = 2147483647;
			files = (
				7603E9B92746725D00172673 /* NumberguessUITests.swift in Sources */,
				7603E9BB2746725D00172673 /* NumberguessUITestsLaunchTests.swift in Sources */,
			);
			runOnlyForDeploymentPostprocessing = 0;
		};
/* End PBXSourcesBuildPhase section */

/* Begin PBXTargetDependency section */
		7603E9AC2746725D00172673 /* PBXTargetDependency */ = {
			isa = PBXTargetDependency;
			target = 7603E9932746725B00172673 /* Numberguess */;
			targetProxy = 7603E9AB2746725D00172673 /* PBXContainerItemProxy */;
		};
		7603E9B62746725D00172673 /* PBXTargetDependency */ = {
			isa = PBXTargetDependency;
			target = 7603E9932746725B00172673 /* Numberguess */;
			targetProxy = 7603E9B52746725D00172673 /* PBXContainerItemProxy */;
		};
/* End PBXTargetDependency section */

/* Begin PBXVariantGroup section */
		7603E99D2746725B00172673 /* Main.storyboard */ = {
			isa = PBXVariantGroup;
			children = (
				7603E99E2746725B00172673 /* Base */,
			);
			name = Main.storyboard;
			sourceTree = "<group>";
		};
		7603E9A22746725C00172673 /* LaunchScreen.storyboard */ = {
			isa = PBXVariantGroup;
			children = (
				7603E9A32746725C00172673 /* Base */,
			);
			name = LaunchScreen.storyboard;
			sourceTree = "<group>";
		};
/* End PBXVariantGroup section */

/* Begin XCBuildConfiguration section */
		7603E9BC2746725D00172673 /* Debug */ = {
			isa = XCBuildConfiguration;
			buildSettings = {
				ALWAYS_SEARCH_USER_PATHS = NO;
				CLANG_ANALYZER_NONNULL = YES;
				CLANG_ANALYZER_NUMBER_OBJECT_CONVERSION = YES_AGGRESSIVE;
				CLANG_CXX_LANGUAGE_STANDARD = "gnu++17";
				CLANG_CXX_LIBRARY = "libc++";
				CLANG_ENABLE_MODULES = YES;
				CLANG_ENABLE_OBJC_ARC = YES;
				CLANG_ENABLE_OBJC_WEAK = YES;
				CLANG_WARN_BLOCK_CAPTURE_AUTORELEASING = YES;
				CLANG_WARN_BOOL_CONVERSION = YES;
				CLANG_WARN_COMMA = YES;
				CLANG_WARN_CONSTANT_CONVERSION = YES;
				CLANG_WARN_DEPRECATED_OBJC_IMPLEMENTATIONS = YES;
				CLANG_WARN_DIRECT_OBJC_ISA_USAGE = YES_ERROR;
				CLANG_WARN_DOCUMENTATION_COMMENTS = YES;
				CLANG_WARN_EMPTY_BODY = YES;
				CLANG_WARN_ENUM_CONVERSION = YES;
				CLANG_WARN_INFINITE_RECURSION = YES;
				CLANG_WARN_INT_CONVERSION = YES;
				CLANG_WARN_NON_LITERAL_NULL_CONVERSION = YES;
				CLANG_WARN_OBJC_IMPLICIT_RETAIN_SELF = YES;
				CLANG_WARN_OBJC_LITERAL_CONVERSION = YES;
				CLANG_WARN_OBJC_ROOT_CLASS = YES_ERROR;
				CLANG_WARN_QUOTED_INCLUDE_IN_FRAMEWORK_HEADER = YES;
				CLANG_WARN_RANGE_LOOP_ANALYSIS = YES;
				CLANG_WARN_STRICT_PROTOTYPES = YES;
				CLANG_WARN_SUSPICIOUS_MOVE = YES;
				CLANG_WARN_UNGUARDED_AVAILABILITY = YES_AGGRESSIVE;
				CLANG_WARN_UNREACHABLE_CODE = YES;
				CLANG_WARN__DUPLICATE_METHOD_MATCH = YES;
				COPY_PHASE_STRIP = NO;
				DEBUG_INFORMATION_FORMAT = dwarf;
				ENABLE_STRICT_OBJC_MSGSEND = YES;
				ENABLE_TESTABILITY = YES;
				GCC_C_LANGUAGE_STANDARD = gnu11;
				GCC_DYNAMIC_NO_PIC = NO;
				GCC_NO_COMMON_BLOCKS = YES;
				GCC_OPTIMIZATION_LEVEL = 0;
				GCC_PREPROCESSOR_DEFINITIONS = (
					"DEBUG=1",
					"$(inherited)",
				);
				GCC_WARN_64_TO_32_BIT_CONVERSION = YES;
				GCC_WARN_ABOUT_RETURN_TYPE = YES_ERROR;
				GCC_WARN_UNDECLARED_SELECTOR = YES;
				GCC_WARN_UNINITIALIZED_AUTOS = YES_AGGRESSIVE;
				GCC_WARN_UNUSED_FUNCTION = YES;
				GCC_WARN_UNUSED_VARIABLE = YES;
				IPHONEOS_DEPLOYMENT_TARGET = 15.0;
				MTL_ENABLE_DEBUG_INFO = INCLUDE_SOURCE;
				MTL_FAST_MATH = YES;
				ONLY_ACTIVE_ARCH = YES;
				SDKROOT = iphoneos;
				SWIFT_ACTIVE_COMPILATION_CONDITIONS = DEBUG;
				SWIFT_OPTIMIZATION_LEVEL = "-Onone";
			};
			name = Debug;
		};
		7603E9BD2746725D00172673 /* Release */ = {
			isa = XCBuildConfiguration;
			buildSettings = {
				ALWAYS_SEARCH_USER_PATHS = NO;
				CLANG_ANALYZER_NONNULL = YES;
				CLANG_ANALYZER_NUMBER_OBJECT_CONVERSION = YES_AGGRESSIVE;
				CLANG_CXX_LANGUAGE_STANDARD = "gnu++17";
				CLANG_CXX_LIBRARY = "libc++";
				CLANG_ENABLE_MODULES = YES;
				CLANG_ENABLE_OBJC_ARC = YES;
				CLANG_ENABLE_OBJC_WEAK = YES;
				CLANG_WARN_BLOCK_CAPTURE_AUTORELEASING = YES;
				CLANG_WARN_BOOL_CONVERSION = YES;
				CLANG_WARN_COMMA = YES;
				CLANG_WARN_CONSTANT_CONVERSION = YES;
				CLANG_WARN_DEPRECATED_OBJC_IMPLEMENTATIONS = YES;
				CLANG_WARN_DIRECT_OBJC_ISA_USAGE = YES_ERROR;
				CLANG_WARN_DOCUMENTATION_COMMENTS = YES;
				CLANG_WARN_EMPTY_BODY = YES;
				CLANG_WARN_ENUM_CONVERSION = YES;
				CLANG_WARN_INFINITE_RECURSION = YES;
				CLANG_WARN_INT_CONVERSION = YES;
				CLANG_WARN_NON_LITERAL_NULL_CONVERSION = YES;
				CLANG_WARN_OBJC_IMPLICIT_RETAIN_SELF = YES;
				CLANG_WARN_OBJC_LITERAL_CONVERSION = YES;
				CLANG_WARN_OBJC_ROOT_CLASS = YES_ERROR;
				CLANG_WARN_QUOTED_INCLUDE_IN_FRAMEWORK_HEADER = YES;
				CLANG_WARN_RANGE_LOOP_ANALYSIS = YES;
				CLANG_WARN_STRICT_PROTOTYPES = YES;
				CLANG_WARN_SUSPICIOUS_MOVE = YES;
				CLANG_WARN_UNGUARDED_AVAILABILITY = YES_AGGRESSIVE;
				CLANG_WARN_UNREACHABLE_CODE = YES;
				CLANG_WARN__DUPLICATE_METHOD_MATCH = YES;
				COPY_PHASE_STRIP = NO;
				DEBUG_INFORMATION_FORMAT = "dwarf-with-dsym";
				ENABLE_NS_ASSERTIONS = NO;
				ENABLE_STRICT_OBJC_MSGSEND = YES;
				GCC_C_LANGUAGE_STANDARD = gnu11;
				GCC_NO_COMMON_BLOCKS = YES;
				GCC_WARN_64_TO_32_BIT_CONVERSION = YES;
				GCC_WARN_ABOUT_RETURN_TYPE = YES_ERROR;
				GCC_WARN_UNDECLARED_SELECTOR = YES;
				GCC_WARN_UNINITIALIZED_AUTOS = YES_AGGRESSIVE;
				GCC_WARN_UNUSED_FUNCTION = YES;
				GCC_WARN_UNUSED_VARIABLE = YES;
				IPHONEOS_DEPLOYMENT_TARGET = 15.0;
				MTL_ENABLE_DEBUG_INFO = NO;
				MTL_FAST_MATH = YES;
				SDKROOT = iphoneos;
				SWIFT_COMPILATION_MODE = wholemodule;
				SWIFT_OPTIMIZATION_LEVEL = "-O";
				VALIDATE_PRODUCT = YES;
			};
			name = Release;
		};
		7603E9BF2746725D00172673 /* Debug */ = {
			isa = XCBuildConfiguration;
			buildSettings = {
				ASSETCATALOG_COMPILER_APPICON_NAME = AppIcon;
				ASSETCATALOG_COMPILER_GLOBAL_ACCENT_COLOR_NAME = AccentColor;
				CODE_SIGN_STYLE = Automatic;
				CURRENT_PROJECT_VERSION = 1;
				GENERATE_INFOPLIST_FILE = YES;
				INFOPLIST_FILE = Numberguess/Info.plist;
				INFOPLIST_KEY_UIApplicationSupportsIndirectInputEvents = YES;
				INFOPLIST_KEY_UILaunchStoryboardName = LaunchScreen;
				INFOPLIST_KEY_UIMainStoryboardFile = Main;
				INFOPLIST_KEY_UISupportedInterfaceOrientations_iPad = "UIInterfaceOrientationPortrait UIInterfaceOrientationPortraitUpsideDown UIInterfaceOrientationLandscapeLeft UIInterfaceOrientationLandscapeRight";
				INFOPLIST_KEY_UISupportedInterfaceOrientations_iPhone = "UIInterfaceOrientationPortrait UIInterfaceOrientationLandscapeLeft UIInterfaceOrientationLandscapeRight";
				LD_RUNPATH_SEARCH_PATHS = (
					"$(inherited)",
					"@executable_path/Frameworks",
				);
				MARKETING_VERSION = 1.0;
				PRODUCT_BUNDLE_IDENTIFIER = "at.ac.htl-perg.Numberguess";
				PRODUCT_NAME = "$(TARGET_NAME)";
				SWIFT_EMIT_LOC_STRINGS = YES;
				SWIFT_VERSION = 5.0;
				TARGETED_DEVICE_FAMILY = "1,2";
			};
			name = Debug;
		};
		7603E9C02746725D00172673 /* Release */ = {
			isa = XCBuildConfiguration;
			buildSettings = {
				ASSETCATALOG_COMPILER_APPICON_NAME = AppIcon;
				ASSETCATALOG_COMPILER_GLOBAL_ACCENT_COLOR_NAME = AccentColor;
				CODE_SIGN_STYLE = Automatic;
				CURRENT_PROJECT_VERSION = 1;
				GENERATE_INFOPLIST_FILE = YES;
				INFOPLIST_FILE = Numberguess/Info.plist;
				INFOPLIST_KEY_UIApplicationSupportsIndirectInputEvents = YES;
				INFOPLIST_KEY_UILaunchStoryboardName = LaunchScreen;
				INFOPLIST_KEY_UIMainStoryboardFile = Main;
				INFOPLIST_KEY_UISupportedInterfaceOrientations_iPad = "UIInterfaceOrientationPortrait UIInterfaceOrientationPortraitUpsideDown UIInterfaceOrientationLandscapeLeft UIInterfaceOrientationLandscapeRight";
				INFOPLIST_KEY_UISupportedInterfaceOrientations_iPhone = "UIInterfaceOrientationPortrait UIInterfaceOrientationLandscapeLeft UIInterfaceOrientationLandscapeRight";
				LD_RUNPATH_SEARCH_PATHS = (
					"$(inherited)",
					"@executable_path/Frameworks",
				);
				MARKETING_VERSION = 1.0;
				PRODUCT_BUNDLE_IDENTIFIER = "at.ac.htl-perg.Numberguess";
				PRODUCT_NAME = "$(TARGET_NAME)";
				SWIFT_EMIT_LOC_STRINGS = YES;
				SWIFT_VERSION = 5.0;
				TARGETED_DEVICE_FAMILY = "1,2";
			};
			name = Release;
		};
		7603E9C22746725D00172673 /* Debug */ = {
			isa = XCBuildConfiguration;
			buildSettings = {
				ALWAYS_EMBED_SWIFT_STANDARD_LIBRARIES = YES;
				BUNDLE_LOADER = "$(TEST_HOST)";
				CODE_SIGN_STYLE = Automatic;
				CURRENT_PROJECT_VERSION = 1;
				GENERATE_INFOPLIST_FILE = YES;
				IPHONEOS_DEPLOYMENT_TARGET = 15.0;
				LD_RUNPATH_SEARCH_PATHS = (
					"$(inherited)",
					"@executable_path/Frameworks",
					"@loader_path/Frameworks",
				);
				MARKETING_VERSION = 1.0;
				PRODUCT_BUNDLE_IDENTIFIER = "at.ac.htl-perg.NumberguessTests";
				PRODUCT_NAME = "$(TARGET_NAME)";
				SWIFT_EMIT_LOC_STRINGS = NO;
				SWIFT_VERSION = 5.0;
				TARGETED_DEVICE_FAMILY = "1,2";
				TEST_HOST = "$(BUILT_PRODUCTS_DIR)/Numberguess.app/Numberguess";
			};
			name = Debug;
		};
		7603E9C32746725D00172673 /* Release */ = {
			isa = XCBuildConfiguration;
			buildSettings = {
				ALWAYS_EMBED_SWIFT_STANDARD_LIBRARIES = YES;
				BUNDLE_LOADER = "$(TEST_HOST)";
				CODE_SIGN_STYLE = Automatic;
				CURRENT_PROJECT_VERSION = 1;
				GENERATE_INFOPLIST_FILE = YES;
				IPHONEOS_DEPLOYMENT_TARGET = 15.0;
				LD_RUNPATH_SEARCH_PATHS = (
					"$(inherited)",
					"@executable_path/Frameworks",
					"@loader_path/Frameworks",
				);
				MARKETING_VERSION = 1.0;
				PRODUCT_BUNDLE_IDENTIFIER = "at.ac.htl-perg.NumberguessTests";
				PRODUCT_NAME = "$(TARGET_NAME)";
				SWIFT_EMIT_LOC_STRINGS = NO;
				SWIFT_VERSION = 5.0;
				TARGETED_DEVICE_FAMILY = "1,2";
				TEST_HOST = "$(BUILT_PRODUCTS_DIR)/Numberguess.app/Numberguess";
			};
			name = Release;
		};
		7603E9C52746725D00172673 /* Debug */ = {
			isa = XCBuildConfiguration;
			buildSettings = {
				ALWAYS_EMBED_SWIFT_STANDARD_LIBRARIES = YES;
				CODE_SIGN_STYLE = Automatic;
				CURRENT_PROJECT_VERSION = 1;
				GENERATE_INFOPLIST_FILE = YES;
				LD_RUNPATH_SEARCH_PATHS = (
					"$(inherited)",
					"@executable_path/Frameworks",
					"@loader_path/Frameworks",
				);
				MARKETING_VERSION = 1.0;
				PRODUCT_BUNDLE_IDENTIFIER = "at.ac.htl-perg.NumberguessUITests";
				PRODUCT_NAME = "$(TARGET_NAME)";
				SWIFT_EMIT_LOC_STRINGS = NO;
				SWIFT_VERSION = 5.0;
				TARGETED_DEVICE_FAMILY = "1,2";
				TEST_TARGET_NAME = Numberguess;
			};
			name = Debug;
		};
		7603E9C62746725D00172673 /* Release */ = {
			isa = XCBuildConfiguration;
			buildSettings = {
				ALWAYS_EMBED_SWIFT_STANDARD_LIBRARIES = YES;
				CODE_SIGN_STYLE = Automatic;
				CURRENT_PROJECT_VERSION = 1;
				GENERATE_INFOPLIST_FILE = YES;
				LD_RUNPATH_SEARCH_PATHS = (
					"$(inherited)",
					"@executable_path/Frameworks",
					"@loader_path/Frameworks",
				);
				MARKETING_VERSION = 1.0;
				PRODUCT_BUNDLE_IDENTIFIER = "at.ac.htl-perg.NumberguessUITests";
				PRODUCT_NAME = "$(TARGET_NAME)";
				SWIFT_EMIT_LOC_STRINGS = NO;
				SWIFT_VERSION = 5.0;
				TARGETED_DEVICE_FAMILY = "1,2";
				TEST_TARGET_NAME = Numberguess;
			};
			name = Release;
		};
/* End XCBuildConfiguration section */

/* Begin XCConfigurationList section */
		7603E98F2746725B00172673 /* Build configuration list for PBXProject "Numberguess" */ = {
			isa = XCConfigurationList;
			buildConfigurations = (
				7603E9BC2746725D00172673 /* Debug */,
				7603E9BD2746725D00172673 /* Release */,
			);
			defaultConfigurationIsVisible = 0;
			defaultConfigurationName = Release;
		};
		7603E9BE2746725D00172673 /* Build configuration list for PBXNativeTarget "Numberguess" */ = {
			isa = XCConfigurationList;
			buildConfigurations = (
				7603E9BF2746725D00172673 /* Debug */,
				7603E9C02746725D00172673 /* Release */,
			);
			defaultConfigurationIsVisible = 0;
			defaultConfigurationName = Release;
		};
		7603E9C12746725D00172673 /* Build configuration list for PBXNativeTarget "NumberguessTests" */ = {
			isa = XCConfigurationList;
			buildConfigurations = (
				7603E9C22746725D00172673 /* Debug */,
				7603E9C32746725D00172673 /* Release */,
			);
			defaultConfigurationIsVisible = 0;
			defaultConfigurationName = Release;
		};
		7603E9C42746725D00172673 /* Build configuration list for PBXNativeTarget "NumberguessUITests" */ = {
			isa = XCConfigurationList;
			buildConfigurations = (
				7603E9C52746725D00172673 /* Debug */,
				7603E9C62746725D00172673 /* Release */,
			);
			defaultConfigurationIsVisible = 0;
			defaultConfigurationName = Release;
		};
/* End XCConfigurationList section */
	};
	rootObject = 7603E98C2746725B00172673 /* Project object */;
}
